# THIS IS AN AUTOGENERATED FILE. DO NOT EDIT THIS FILE DIRECTLY.
# yarn lockfile v1


node-addon-api@^1.6.2:
  version "1.6.2"
  resolved "https://registry.yarnpkg.com/node-addon-api/-/node-addon-api-1.6.2.tgz#d8aad9781a5cfc4132cc2fecdbdd982534265217"
  integrity sha512-479Bjw9nTE5DdBSZZWprFryHGjUaQC31y1wHo19We/k0BZlrmhqQitWoUL0cD8+scljCbIUL+E58oRDEakdGGA==
